github.com/creack/goselect v0.1.2 h1:2DNy14+JPjRBgPzAd1thbQp4BSIihxcBf0IXhQXDRa0=
github.com/creack/goselect v0.1.2/go.mod h1:a/NhLweNvqIYMuxcMOuWY516Cimucms3DglDzQP3hKY=
github.com/davecgh/go-spew v1.1.0/go.mod h1:J7Y8YcW2NihsgmVo/mv3lAwl/skON4iLHjSsI+c5H38=
github.com/davecgh/go-spew v1.1.1 h1:vj9j/u1bqnvCEfJOwUhtlOARqs3+rkHYY13jYWTU97c=
github.com/davecgh/go-spew v1.1.1/go.mod h1:J7Y8YcW2NihsgmVo/mv3lAwl/skON4iLHjSsI+c5H38=
github.com/eclipse/paho.mqtt.golang v1.4.2 h1:66wOzfUHSSI1zamx7jR6yMEI5EuHnT1G6rNA5PM12m4=
github.com/eclipse/paho.mqtt.golang v1.4.2/go.mod h1:JGt0RsEwEX+Xa/agj90YJ9d9DH2b7upDZMK9HRbFvCA=
github.com/google/uuid v1.3.0 h1:t6JiXgmwXMjEs8VusXIJk2BXHsn+wx8BZdTaoZ5fu7I=
github.com/google/uuid v1.3.0/go.mod h1:TIyPZe4MgqvfeYDBFedMoGGpEw/LqOeaOT+nhxU+yHo=
github.com/gorilla/websocket v1.4.2 h1:+/TMaTYc4QFitKJxsQ7Yye35DkWvkdLcvGKqM+x0Ufc=
github.com/gorilla/websocket v1.4.2/go.mod h1:YR8l580nyteQvAITg2hZ9XVh4b55+EU/adAjf1fMHhE=
github.com/pmezard/go-difflib v1.0.0 h1:4DBwDE0NGyQoBHbLQYPwSUPoCMWR5BEzIk/f1lZbAQM=
github.com/pmezard/go-difflib v1.0.0/go.mod h1:iKH77koFhYxTK1pcRnkKkqfTogsbg7gZNVY4sRDYZ/4=
github.com/sigurn/crc16 v0.0.0-20211026045750-20ab5afb07e3 h1:aQKxg3+2p+IFXXg97McgDGT5zcMrQoi0EICZs8Pgchs=
github.com/sigurn/crc16 v0.0.0-20211026045750-20ab5afb07e3/go.mod h1:9/etS5gpQq9BJsJMWg1wpLbfuSnkm8dPF6FdW2JXVhA=
github.com/stretchr/objx v0.1.0/go.mod h1:HFkY916IF+rwdDfMAkV7OtwuqBVzrE8GR6GFx+wExME=
github.com/stretchr/objx v0.4.0/go.mod h1:YvHI0jy2hoMjB+UWwv71VJQ9isScKT/TqJzVSSt89Yw=
github.com/stretchr/objx v0.5.0/go.mod h1:Yh+to48EsGEfYuaHDzXPcE3xhTkx73EhmCGUpEOglKo=
github.com/stretchr/testify v1.7.1/go.mod h1:6Fq8oRcR53rry900zMqJjRRixrwX3KX962/h/Wwjteg=
github.com/stretchr/testify v1.8.0/go.mod h1:yNjHg4UonilssWZ8iaSj1OCr/vHnekPRkoO+kdMU+MU=
github.com/stretchr/testify v1.8.1 h1:w7B6lhMri9wdJUVmEZPGGhZzrYTPvgJArz7wNPgYKsk=
github.com/stretchr/testify v1.8.1/go.mod h1:w2LPCIKwWwSfY2zedu0+kehJoqGctiVI29o6fzry7u4=
github.com/wolffshots/phocus_crc v0.0.0-20221125134755-764c6c3fd7f2 h1:vkOZJQzCBWXx//HgXas6SAVohmu3wS3ThIw94tKAbR4=
github.com/wolffshots/phocus_crc v0.0.0-20221125134755-764c6c3fd7f2/go.mod h1:mVr8Z32dnNTzYB+vQHsXAJgL/9AY/no0LXPkxIsgPIg=
github.com/wolffshots/phocus_crc v0.0.0-20221125184445-3cd1e82c3d28 h1:jfWOn4riH9TEvHEIkze+irgOsj0HJBx9It+v1JcPvTk=
github.com/wolffshots/phocus_crc v0.0.0-20221125184445-3cd1e82c3d28/go.mod h1:mVr8Z32dnNTzYB+vQHsXAJgL/9AY/no0LXPkxIsgPIg=
github.com/wolffshots/phocus_crc v0.0.0-20230426095151-f366c86994c3 h1:shkXFaJRl4bkrH4vDZTzCHsC6nTY8YE0aaePM2UpSbM=
github.com/wolffshots/phocus_crc v0.0.0-20230426095151-f366c86994c3/go.mod h1:mVr8Z32dnNTzYB+vQHsXAJgL/9AY/no0LXPkxIsgPIg=
github.com/wolffshots/phocus_mqtt v0.0.0-20221125135747-25f659531544 h1:FeBJSjPDsaRhQz9MUqBOpPS3C+dwlrBMLsHqhXSPdBE=
github.com/wolffshots/phocus_mqtt v0.0.0-20221125135747-25f659531544/go.mod h1:HGcAGb2vGdPHs4GCk8HrbRgw1ctKy9LhwJm81e07Ocg=
github.com/wolffshots/phocus_mqtt v0.0.0-20230426094209-f0c6624403ec h1:Q4hfDvDJfHvb6Gg10OrXfQ8EyFgHgu2/mb+sxgNqNpU=
github.com/wolffshots/phocus_mqtt v0.0.0-20230426094209-f0c6624403ec/go.mod h1:HGcAGb2vGdPHs4GCk8HrbRgw1ctKy9LhwJm81e07Ocg=
github.com/wolffshots/phocus_serial v0.0.0-20221125135724-a9b31e82ec1c h1:n4UOIPG9e2Trqg47B09mAIpSiOjMvoqfY1Iicsqek8g=
github.com/wolffshots/phocus_serial v0.0.0-20221125135724-a9b31e82ec1c/go.mod h1:yX8Xa/Cr6GbyN1SuKdIhSpvLGeouHAyEJmIEiN3dpdM=
github.com/wolffshots/phocus_serial v0.0.0-20230426094352-cb3cb2bd9744 h1:H9zjBPUoKUNhSFLp7QNhRx8xJN7da/lG4w0+9ZlNOxc=
github.com/wolffshots/phocus_serial v0.0.0-20230426094352-cb3cb2bd9744/go.mod h1:drv7FFw+RzByFF3KlDcJ3CgqPvKH6Mi8HJt1WLgf6WA=
go.bug.st/serial v1.4.0 h1:IXHzPVbUBbql66lQZ1iV9LWzGXT5lh6S9gZxHK/KyQE=
go.bug.st/serial v1.4.0/go.mod h1:z8CesKorE90Qr/oRSJiEuvzYRKol9r/anJZEb5kt304=
golang.org/x/crypto v0.0.0-20190308221718-c2843e01d9a2/go.mod h1:djNgcEr1/C05ACkg1iLfiJU5Ep61QUkGW8qpdssI0+w=
golang.org/x/net v0.0.0-20200425230154-ff2c4b7c35a0 h1:Jcxah/M+oLZ/R4/z5RzfPzGbPXnVDPkEDtf2JnuxN+U=
golang.org/x/net v0.0.0-20200425230154-ff2c4b7c35a0/go.mod h1:qpuaurCH72eLCgpAm/N6yyVIVM9cpaDIP3A8BGJEC5A=
golang.org/x/sync v0.0.0-20210220032951-036812b2e83c h1:5KslGYwFpkhGh+Q16bwMP3cOontH8FOep7tGV86Y7SQ=
golang.org/x/sync v0.0.0-20210220032951-036812b2e83c/go.mod h1:RxMgew5VJxzue5/jJTE5uejpjVlOe/izrB70Jof72aM=
golang.org/x/sys v0.0.0-20190215142949-d0b11bdaac8a/go.mod h1:STP8DvDyc/dI5b8T5hshtkjS+E42TnysNCUPdjciGhY=
golang.org/x/sys v0.0.0-20200323222414-85ca7c5b95cd/go.mod h1:h1NjWce9XRLGQEsW7wpKNCjG9DtNlClVuFLEZdDNbEs=
golang.org/x/sys v0.0.0-20210823070655-63515b42dcdf h1:2ucpDCmfkl8Bd/FsLtiD653Wf96cW37s+iGx93zsu4k=
golang.org/x/sys v0.0.0-20210823070655-63515b42dcdf/go.mod h1:oPkhp1MJrh7nUepCBck5+mAzfO9JrbApNNgaTdGDITg=
golang.org/x/text v0.3.0/go.mod h1:NqM8EUOU14njkJ3fqMW+pc6Ldnwhi/IjpwHt7yyuwOQ=
gopkg.in/check.v1 v0.0.0-20161208181325-20d25e280405 h1:yhCVgyC4o1eVCa2tZl7eS0r+SDo693bJlVdllGtEeKM=
gopkg.in/check.v1 v0.0.0-20161208181325-20d25e280405/go.mod h1:Co6ibVJAznAaIkqp8huTwlJQCZ016jof/cbN4VW5Yz0=
gopkg.in/yaml.v3 v3.0.0-20200313102051-9f266ea9e77c/go.mod h1:K4uyk7z7BCEPqu6E+C64Yfv1cQ7kz7rIZviUmN+EgEM=
gopkg.in/yaml.v3 v3.0.1 h1:fxVm/GzAzEWqLHuvctI91KS9hhNmmWOoWu0XTYJS7CA=
gopkg.in/yaml.v3 v3.0.1/go.mod h1:K4uyk7z7BCEPqu6E+C64Yfv1cQ7kz7rIZviUmN+EgEM=
